<?xml version="1.0" encoding="utf-8"?>
<Project ToolsVersion="4.0" xmlns="http://schemas.microsoft.com/developer/msbuild/2003">
  <ItemGroup>
    <Filter Include="Source Files">
      <UniqueIdentifier>{4FC737F1-C7A5-4376-A066-2A32D752A2FF}</UniqueIdentifier>
      <Extensions>cpp;c;cc;cxx;c++;cppm;ixx;def;odl;idl;hpj;bat;asm;asmx</Extensions>
    </Filter>
    <Filter Include="Header Files">
      <UniqueIdentifier>{93995380-89BD-4b04-88EB-625FBE52EBFB}</UniqueIdentifier>
      <Extensions>h;hh;hpp;hxx;h++;hm;inl;inc;ipp;xsd</Extensions>
    </Filter>
    <Filter Include="Resource Files">
      <UniqueIdentifier>{67DA6AB6-F800-4c08-8B7A-83BB121AAD01}</UniqueIdentifier>
      <Extensions>rc;ico;cur;bmp;dlg;rc2;rct;bin;rgs;gif;jpg;jpeg;jpe;resx;tiff;tif;png;wav;mfcribbon-ms</Extensions>
    </Filter>
    <Filter Include="Header Files\SignUp">
      <UniqueIdentifier>{441c4de6-97ed-4b19-abf6-7050628266b7}</UniqueIdentifier>
    </Filter>
    <Filter Include="Header Files\DeleteUser">
      <UniqueIdentifier>{475ae7ce-94a2-41c6-a3ae-447fe3b25be7}</UniqueIdentifier>
    </Filter>
    <Filter Include="Header Files\Login">
      <UniqueIdentifier>{ccf304c5-84f2-4d04-ad91-5a3e5c4af7a7}</UniqueIdentifier>
    </Filter>
    <Filter Include="Header Files\LogOut">
      <UniqueIdentifier>{c1d031ef-567b-4e65-994d-cd906e572eb7}</UniqueIdentifier>
    </Filter>
    <Filter Include="Source Files\Login">
      <UniqueIdentifier>{0873b323-a91f-4605-9a68-fc06930062d5}</UniqueIdentifier>
    </Filter>
    <Filter Include="Source Files\SignUp">
      <UniqueIdentifier>{0401f227-dff1-48ed-b5c1-b81b59fbb9dc}</UniqueIdentifier>
    </Filter>
    <Filter Include="Source Files\DeleteUser">
      <UniqueIdentifier>{864b53c2-3fb0-4969-a73e-9fc0d23bb6d9}</UniqueIdentifier>
    </Filter>
    <Filter Include="Source Files\LogOut">
      <UniqueIdentifier>{af4c5f34-590c-49d2-8e6c-87e51943399b}</UniqueIdentifier>
    </Filter>
    <Filter Include="Header Files\Entity">
      <UniqueIdentifier>{e06b1986-5121-40dd-aa93-606b65bc605e}</UniqueIdentifier>
    </Filter>
    <Filter Include="Source Files\Entity">
      <UniqueIdentifier>{06eb2b09-142b-4480-b86e-f9396d00aedc}</UniqueIdentifier>
    </Filter>
  </ItemGroup>
  <ItemGroup>
    <ClCompile Include="main.cpp">
      <Filter>Source Files</Filter>
    </ClCompile>
    <ClCompile Include="login.cpp">
      <Filter>Source Files\Login</Filter>
    </ClCompile>
    <ClCompile Include="loginUI.cpp">
      <Filter>Source Files\Login</Filter>
    </ClCompile>
    <ClCompile Include="signupui.cpp">
      <Filter>Source Files\SignUp</Filter>
    </ClCompile>
    <ClCompile Include="signUp.cpp">
      <Filter>Source Files\SignUp</Filter>
    </ClCompile>
    <ClCompile Include="deleteUser.cpp">
      <Filter>Source Files\DeleteUser</Filter>
    </ClCompile>
    <ClCompile Include="deleteUserUI.cpp">
      <Filter>Source Files\DeleteUser</Filter>
    </ClCompile>
    <ClCompile Include="logout.cpp">
      <Filter>Source Files\LogOut</Filter>
    </ClCompile>
    <ClCompile Include="userdb.cpp">
      <Filter>Source Files\Entity</Filter>
    </ClCompile>
    <ClCompile Include="userCollection.cpp">
      <Filter>Source Files\Entity</Filter>
    </ClCompile>
    <ClCompile Include="user.cpp">
      <Filter>Source Files\Entity</Filter>
    </ClCompile>
    <ClCompile Include="generalUser.cpp">
      <Filter>Source Files\Entity</Filter>
    </ClCompile>
    <ClCompile Include="company.cpp">
      <Filter>Source Files\Entity</Filter>
    </ClCompile>
  </ItemGroup>
  <ItemGroup>
    <ClInclude Include="signUp.h">
      <Filter>Header Files\SignUp</Filter>
    </ClInclude>
    <ClInclude Include="signupui.h">
      <Filter>Header Files\SignUp</Filter>
    </ClInclude>
    <ClInclude Include="deleteUser.h">
      <Filter>Header Files\DeleteUser</Filter>
    </ClInclude>
    <ClInclude Include="deleteUserUI.h">
      <Filter>Header Files\DeleteUser</Filter>
    </ClInclude>
    <ClInclude Include="loginUI.h">
      <Filter>Header Files\Login</Filter>
    </ClInclude>
    <ClInclude Include="login.h">
      <Filter>Header Files\Login</Filter>
    </ClInclude>
    <ClInclude Include="logout.h">
      <Filter>Header Files\LogOut</Filter>
    </ClInclude>
    <ClInclude Include="user.h">
      <Filter>Header Files\Entity</Filter>
    </ClInclude>
    <ClInclude Include="userCollection.h">
      <Filter>Header Files\Entity</Filter>
    </ClInclude>
    <ClInclude Include="userdb.h">
      <Filter>Header Files\Entity</Filter>
    </ClInclude>
    <ClInclude Include="generalUser.h">
      <Filter>Header Files\Entity</Filter>
    </ClInclude>
    <ClInclude Include="company.h">
      <Filter>Header Files\Entity</Filter>
    </ClInclude>
  </ItemGroup>
</Project>